
Microsoft Visual Studio Solution File, Format Version 12.00
# Visual Studio Version 16
VisualStudioVersion = 16.0.29102.190
MinimumVisualStudioVersion = 10.0.40219.1
Project("{8BC9CEB8-8B4A-11D0-8D11-00A0C91BC942}") = "KingDll", "KingDll.vcxproj", "{AC58973E-0B06-4903-9A47-0ABDFECF0AC6}"
EndProject
Global
	GlobalSection(SolutionConfigurationPlatforms) = preSolution
		Debug|x64 = Debug|x64
		Debug|x86 = Debug|x86
		Release|x64 = Release|x64
		Release|x86 = Release|x86
	EndGlobalSection
	GlobalSection(ProjectConfigurationPlatforms) = postSolution
		{AC58973E-0B06-4903-9A47-0ABDFECF0AC6}.Debug|x64.ActiveCfg = Debug|x64
		{AC58973E-0B06-4903-9A47-0ABDFECF0AC6}.Debug|x64.Build.0 = Debug|x64
		{AC58973E-0B06-4903-9A47-0ABDFECF0AC6}.Debug|x86.ActiveCfg = Debug|Win32
		{AC58973E-0B06-4903-9A47-0ABDFECF0AC6}.Debug|x86.Build.0 = Debug|Win32
		{AC58973E-0B06-4903-9A47-0ABDFECF0AC6}.Release|x64.ActiveCfg = Release|x64
		{AC58973E-0B06-4903-9A47-0ABDFECF0AC6}.Release|x64.Build.0 = Release|x64
		{AC58973E-0B06-4903-9A47-0ABDFECF0AC6}.Release|x86.ActiveCfg = Release|Win32
		{AC58973E-0B06-4903-9A47-0ABDFECF0AC6}.Release|x86.Build.0 = Release|Win32
	EndGlobalSection
	GlobalSection(SolutionProperties) = preSolution
		HideSolutionNode = FALSE
	EndGlobalSection
	GlobalSection(ExtensibilityGlobals) = postSolution
		SolutionGuid = {5E26F407-7FE8-41FA-9F77-08D772F24F33}
	EndGlobalSection
EndGlobal
